
Microsoft Visual Studio Solution File, Format Version 12.00
# Visual Studio 14
VisualStudioVersion = 14.0.25420.1
MinimumVisualStudioVersion = 10.0.40219.1
Project("{FAE04EC0-301F-11D3-BF4B-00C04F79EFBC}") = "App", "App\App.csproj", "{965FCEEF-57A0-47B1-A954-5252724B6D4C}"
EndProject
Project("{FAE04EC0-301F-11D3-BF4B-00C04F79EFBC}") = "DAL", "DAL\DAL.csproj", "{3C79770D-732E-4545-8BE4-D40EB1A3168C}"
EndProject
Project("{FAE04EC0-301F-11D3-BF4B-00C04F79EFBC}") = "Domain", "Domain\Domain.csproj", "{F46D9566-C6FA-4FA0-9C07-FC40FD601CB0}"
EndProject
Project("{FAE04EC0-301F-11D3-BF4B-00C04F79EFBC}") = "Test", "Test\Test.csproj", "{C94F1BB5-1739-4F58-A487-D53BDB6611EC}"
EndProject
Global
	GlobalSection(SolutionConfigurationPlatforms) = preSolution
		Debug|Any CPU = Debug|Any CPU
		Release|Any CPU = Release|Any CPU
	EndGlobalSection
	GlobalSection(ProjectConfigurationPlatforms) = postSolution
		{965FCEEF-57A0-47B1-A954-5252724B6D4C}.Debug|Any CPU.ActiveCfg = Debug|Any CPU
		{965FCEEF-57A0-47B1-A954-5252724B6D4C}.Debug|Any CPU.Build.0 = Debug|Any CPU
		{965FCEEF-57A0-47B1-A954-5252724B6D4C}.Release|Any CPU.ActiveCfg = Release|Any CPU
		{965FCEEF-57A0-47B1-A954-5252724B6D4C}.Release|Any CPU.Build.0 = Release|Any CPU
		{3C79770D-732E-4545-8BE4-D40EB1A3168C}.Debug|Any CPU.ActiveCfg = Debug|Any CPU
		{3C79770D-732E-4545-8BE4-D40EB1A3168C}.Debug|Any CPU.Build.0 = Debug|Any CPU
		{3C79770D-732E-4545-8BE4-D40EB1A3168C}.Release|Any CPU.ActiveCfg = Release|Any CPU
		{3C79770D-732E-4545-8BE4-D40EB1A3168C}.Release|Any CPU.Build.0 = Release|Any CPU
		{F46D9566-C6FA-4FA0-9C07-FC40FD601CB0}.Debug|Any CPU.ActiveCfg = Debug|Any CPU
		{F46D9566-C6FA-4FA0-9C07-FC40FD601CB0}.Debug|Any CPU.Build.0 = Debug|Any CPU
		{F46D9566-C6FA-4FA0-9C07-FC40FD601CB0}.Release|Any CPU.ActiveCfg = Release|Any CPU
		{F46D9566-C6FA-4FA0-9C07-FC40FD601CB0}.Release|Any CPU.Build.0 = Release|Any CPU
		{C94F1BB5-1739-4F58-A487-D53BDB6611EC}.Debug|Any CPU.ActiveCfg = Debug|Any CPU
		{C94F1BB5-1739-4F58-A487-D53BDB6611EC}.Debug|Any CPU.Build.0 = Debug|Any CPU
		{C94F1BB5-1739-4F58-A487-D53BDB6611EC}.Release|Any CPU.ActiveCfg = Release|Any CPU
		{C94F1BB5-1739-4F58-A487-D53BDB6611EC}.Release|Any CPU.Build.0 = Release|Any CPU
	EndGlobalSection
	GlobalSection(SolutionProperties) = preSolution
		HideSolutionNode = FALSE
	EndGlobalSection
EndGlobal
